
Microsoft Visual Studio Solution File, Format Version 12.00
# Visual Studio Version 17
VisualStudioVersion = 17.9.34622.214
MinimumVisualStudioVersion = 10.0.40219.1
Project("{FAE04EC0-301F-11D3-BF4B-00C04F79EFBC}") = "Data", "Data\Data.csproj", "{D4CC1FBA-3BB7-4F3B-ACDE-E13F82679154}"
EndProject
Project("{FAE04EC0-301F-11D3-BF4B-00C04F79EFBC}") = "Logic", "Logic\Logic.csproj", "{337F1ED5-B1CD-4427-AC1D-E76438A517FE}"
EndProject
Project("{2150E333-8FDC-42A3-9474-1A3956D46DE8}") = "Tests", "Tests", "{C7A121D6-F295-4B0C-921C-68899C825ED1}"
EndProject
Project("{FAE04EC0-301F-11D3-BF4B-00C04F79EFBC}") = "DataTest", "DataTest\DataTest.csproj", "{B2C8F18C-D55F-48FF-A026-7036CFB3960E}"
EndProject
Project("{FAE04EC0-301F-11D3-BF4B-00C04F79EFBC}") = "LogicTest", "LogicTest\LogicTest.csproj", "{EC895AEF-4A32-47F9-824A-864771AF1606}"
EndProject
Project("{2150E333-8FDC-42A3-9474-1A3956D46DE8}") = "Presentation", "Presentation", "{AFE1C822-7AFA-4DDF-86BE-3EBC13B942F3}"
EndProject
Project("{FAE04EC0-301F-11D3-BF4B-00C04F79EFBC}") = "Model", "Model\Model.csproj", "{80AD46BF-21DE-4849-8FAE-850066B09F5C}"
EndProject
Project("{FAE04EC0-301F-11D3-BF4B-00C04F79EFBC}") = "View", "View\View.csproj", "{C817B7EE-B902-40BE-BC77-0B32A07489E7}"
EndProject
Project("{FAE04EC0-301F-11D3-BF4B-00C04F79EFBC}") = "ViewModel", "ViewModel\ViewModel.csproj", "{850E009A-1711-4BF3-AED1-952DBD658A4F}"
EndProject
Global
	GlobalSection(SolutionConfigurationPlatforms) = preSolution
		Debug|Any CPU = Debug|Any CPU
		Release|Any CPU = Release|Any CPU
	EndGlobalSection
	GlobalSection(ProjectConfigurationPlatforms) = postSolution
		{D4CC1FBA-3BB7-4F3B-ACDE-E13F82679154}.Debug|Any CPU.ActiveCfg = Debug|Any CPU
		{D4CC1FBA-3BB7-4F3B-ACDE-E13F82679154}.Debug|Any CPU.Build.0 = Debug|Any CPU
		{D4CC1FBA-3BB7-4F3B-ACDE-E13F82679154}.Release|Any CPU.ActiveCfg = Release|Any CPU
		{D4CC1FBA-3BB7-4F3B-ACDE-E13F82679154}.Release|Any CPU.Build.0 = Release|Any CPU
		{337F1ED5-B1CD-4427-AC1D-E76438A517FE}.Debug|Any CPU.ActiveCfg = Debug|Any CPU
		{337F1ED5-B1CD-4427-AC1D-E76438A517FE}.Debug|Any CPU.Build.0 = Debug|Any CPU
		{337F1ED5-B1CD-4427-AC1D-E76438A517FE}.Release|Any CPU.ActiveCfg = Release|Any CPU
		{337F1ED5-B1CD-4427-AC1D-E76438A517FE}.Release|Any CPU.Build.0 = Release|Any CPU
		{B2C8F18C-D55F-48FF-A026-7036CFB3960E}.Debug|Any CPU.ActiveCfg = Debug|Any CPU
		{B2C8F18C-D55F-48FF-A026-7036CFB3960E}.Debug|Any CPU.Build.0 = Debug|Any CPU
		{B2C8F18C-D55F-48FF-A026-7036CFB3960E}.Release|Any CPU.ActiveCfg = Release|Any CPU
		{B2C8F18C-D55F-48FF-A026-7036CFB3960E}.Release|Any CPU.Build.0 = Release|Any CPU
		{EC895AEF-4A32-47F9-824A-864771AF1606}.Debug|Any CPU.ActiveCfg = Debug|Any CPU
		{EC895AEF-4A32-47F9-824A-864771AF1606}.Debug|Any CPU.Build.0 = Debug|Any CPU
		{EC895AEF-4A32-47F9-824A-864771AF1606}.Release|Any CPU.ActiveCfg = Release|Any CPU
		{EC895AEF-4A32-47F9-824A-864771AF1606}.Release|Any CPU.Build.0 = Release|Any CPU
		{80AD46BF-21DE-4849-8FAE-850066B09F5C}.Debug|Any CPU.ActiveCfg = Debug|Any CPU
		{80AD46BF-21DE-4849-8FAE-850066B09F5C}.Debug|Any CPU.Build.0 = Debug|Any CPU
		{80AD46BF-21DE-4849-8FAE-850066B09F5C}.Release|Any CPU.ActiveCfg = Release|Any CPU
		{80AD46BF-21DE-4849-8FAE-850066B09F5C}.Release|Any CPU.Build.0 = Release|Any CPU
		{C817B7EE-B902-40BE-BC77-0B32A07489E7}.Debug|Any CPU.ActiveCfg = Debug|Any CPU
		{C817B7EE-B902-40BE-BC77-0B32A07489E7}.Debug|Any CPU.Build.0 = Debug|Any CPU
		{C817B7EE-B902-40BE-BC77-0B32A07489E7}.Release|Any CPU.ActiveCfg = Release|Any CPU
		{C817B7EE-B902-40BE-BC77-0B32A07489E7}.Release|Any CPU.Build.0 = Release|Any CPU
		{850E009A-1711-4BF3-AED1-952DBD658A4F}.Debug|Any CPU.ActiveCfg = Debug|Any CPU
		{850E009A-1711-4BF3-AED1-952DBD658A4F}.Debug|Any CPU.Build.0 = Debug|Any CPU
		{850E009A-1711-4BF3-AED1-952DBD658A4F}.Release|Any CPU.ActiveCfg = Release|Any CPU
		{850E009A-1711-4BF3-AED1-952DBD658A4F}.Release|Any CPU.Build.0 = Release|Any CPU
	EndGlobalSection
	GlobalSection(SolutionProperties) = preSolution
		HideSolutionNode = FALSE
	EndGlobalSection
	GlobalSection(NestedProjects) = preSolution
		{B2C8F18C-D55F-48FF-A026-7036CFB3960E} = {C7A121D6-F295-4B0C-921C-68899C825ED1}
		{EC895AEF-4A32-47F9-824A-864771AF1606} = {C7A121D6-F295-4B0C-921C-68899C825ED1}
		{80AD46BF-21DE-4849-8FAE-850066B09F5C} = {AFE1C822-7AFA-4DDF-86BE-3EBC13B942F3}
		{C817B7EE-B902-40BE-BC77-0B32A07489E7} = {AFE1C822-7AFA-4DDF-86BE-3EBC13B942F3}
		{850E009A-1711-4BF3-AED1-952DBD658A4F} = {AFE1C822-7AFA-4DDF-86BE-3EBC13B942F3}
	EndGlobalSection
	GlobalSection(ExtensibilityGlobals) = postSolution
		SolutionGuid = {D350DEFD-269C-4600-A9D4-697560556464}
	EndGlobalSection
EndGlobal
