
Microsoft Visual Studio Solution File, Format Version 12.00
# Visual Studio Version 17
VisualStudioVersion = 17.9.34622.214
MinimumVisualStudioVersion = 10.0.40219.1
Project("{9A19103F-16F7-4668-BE54-9A1E7A4F7556}") = "Data", "project\Data.csproj", "{4D43F02A-AD57-4134-AA9A-5A0C26A652C7}"
EndProject
Project("{9A19103F-16F7-4668-BE54-9A1E7A4F7556}") = "DataTest", "projectTests\DataTest.csproj", "{DDDAB6D6-84DD-41D0-A5BC-0A48711874E7}"
EndProject
Project("{FAE04EC0-301F-11D3-BF4B-00C04F79EFBC}") = "Logic", "Logic\Logic.csproj", "{AE91E7D8-6BE4-41D5-8FA1-97A318C546CD}"
EndProject
Project("{FAE04EC0-301F-11D3-BF4B-00C04F79EFBC}") = "LogicTest", "LogicTest\LogicTest.csproj", "{7F4DA64D-AFAA-4836-875C-8E7ABEDF36BA}"
EndProject
Project("{FAE04EC0-301F-11D3-BF4B-00C04F79EFBC}") = "Model", "Model\Model.csproj", "{BADC4C76-85E9-44BB-BBC1-448FD4870841}"
EndProject
Project("{FAE04EC0-301F-11D3-BF4B-00C04F79EFBC}") = "ViewModel", "ViewModel\ViewModel.csproj", "{678CB4B3-0261-484C-B015-76B271AD959C}"
EndProject
Project("{FAE04EC0-301F-11D3-BF4B-00C04F79EFBC}") = "View", "View\View.csproj", "{49F4FA90-0709-4BB5-A942-F1A56A0E530D}"
EndProject
Global
	GlobalSection(SolutionConfigurationPlatforms) = preSolution
		Debug|Any CPU = Debug|Any CPU
		Release|Any CPU = Release|Any CPU
	EndGlobalSection
	GlobalSection(ProjectConfigurationPlatforms) = postSolution
		{4D43F02A-AD57-4134-AA9A-5A0C26A652C7}.Debug|Any CPU.ActiveCfg = Debug|Any CPU
		{4D43F02A-AD57-4134-AA9A-5A0C26A652C7}.Debug|Any CPU.Build.0 = Debug|Any CPU
		{4D43F02A-AD57-4134-AA9A-5A0C26A652C7}.Release|Any CPU.ActiveCfg = Release|Any CPU
		{4D43F02A-AD57-4134-AA9A-5A0C26A652C7}.Release|Any CPU.Build.0 = Release|Any CPU
		{DDDAB6D6-84DD-41D0-A5BC-0A48711874E7}.Debug|Any CPU.ActiveCfg = Debug|Any CPU
		{DDDAB6D6-84DD-41D0-A5BC-0A48711874E7}.Debug|Any CPU.Build.0 = Debug|Any CPU
		{DDDAB6D6-84DD-41D0-A5BC-0A48711874E7}.Release|Any CPU.ActiveCfg = Release|Any CPU
		{DDDAB6D6-84DD-41D0-A5BC-0A48711874E7}.Release|Any CPU.Build.0 = Release|Any CPU
		{AE91E7D8-6BE4-41D5-8FA1-97A318C546CD}.Debug|Any CPU.ActiveCfg = Debug|Any CPU
		{AE91E7D8-6BE4-41D5-8FA1-97A318C546CD}.Debug|Any CPU.Build.0 = Debug|Any CPU
		{AE91E7D8-6BE4-41D5-8FA1-97A318C546CD}.Release|Any CPU.ActiveCfg = Release|Any CPU
		{AE91E7D8-6BE4-41D5-8FA1-97A318C546CD}.Release|Any CPU.Build.0 = Release|Any CPU
		{7F4DA64D-AFAA-4836-875C-8E7ABEDF36BA}.Debug|Any CPU.ActiveCfg = Debug|Any CPU
		{7F4DA64D-AFAA-4836-875C-8E7ABEDF36BA}.Debug|Any CPU.Build.0 = Debug|Any CPU
		{7F4DA64D-AFAA-4836-875C-8E7ABEDF36BA}.Release|Any CPU.ActiveCfg = Release|Any CPU
		{7F4DA64D-AFAA-4836-875C-8E7ABEDF36BA}.Release|Any CPU.Build.0 = Release|Any CPU
		{BADC4C76-85E9-44BB-BBC1-448FD4870841}.Debug|Any CPU.ActiveCfg = Debug|Any CPU
		{BADC4C76-85E9-44BB-BBC1-448FD4870841}.Debug|Any CPU.Build.0 = Debug|Any CPU
		{BADC4C76-85E9-44BB-BBC1-448FD4870841}.Release|Any CPU.ActiveCfg = Release|Any CPU
		{BADC4C76-85E9-44BB-BBC1-448FD4870841}.Release|Any CPU.Build.0 = Release|Any CPU
		{678CB4B3-0261-484C-B015-76B271AD959C}.Debug|Any CPU.ActiveCfg = Debug|Any CPU
		{678CB4B3-0261-484C-B015-76B271AD959C}.Debug|Any CPU.Build.0 = Debug|Any CPU
		{678CB4B3-0261-484C-B015-76B271AD959C}.Release|Any CPU.ActiveCfg = Release|Any CPU
		{678CB4B3-0261-484C-B015-76B271AD959C}.Release|Any CPU.Build.0 = Release|Any CPU
		{49F4FA90-0709-4BB5-A942-F1A56A0E530D}.Debug|Any CPU.ActiveCfg = Debug|Any CPU
		{49F4FA90-0709-4BB5-A942-F1A56A0E530D}.Debug|Any CPU.Build.0 = Debug|Any CPU
		{49F4FA90-0709-4BB5-A942-F1A56A0E530D}.Release|Any CPU.ActiveCfg = Release|Any CPU
		{49F4FA90-0709-4BB5-A942-F1A56A0E530D}.Release|Any CPU.Build.0 = Release|Any CPU
	EndGlobalSection
	GlobalSection(SolutionProperties) = preSolution
		HideSolutionNode = FALSE
	EndGlobalSection
	GlobalSection(ExtensibilityGlobals) = postSolution
		SolutionGuid = {93D1911F-A51E-4329-B61A-F7EC1B48C79E}
	EndGlobalSection
EndGlobal
